// !$*UTF8*$!
{
	archiveVersion = 1;
	classes = {
	};
	objectVersion = 60;
	objects = {

/* Begin PBXBuildFile section */
		0503F29A2D52420000B2640C /* KeychainManager.swift in Sources */ = {isa = PBXBuildFile; fileRef = 0503F2992D52420000B2640C /* KeychainManager.swift */; };
		0503F29D2D52448700B2640C /* KeychainKey.swift in Sources */ = {isa = PBXBuildFile; fileRef = 0503F29C2D52448700B2640C /* KeychainKey.swift */; };
		0503F2A22D52499200B2640C /* APIManager.swift in Sources */ = {isa = PBXBuildFile; fileRef = 0503F2A12D52499200B2640C /* APIManager.swift */; };
		0503F2A52D524D2200B2640C /* RootViewController.swift in Sources */ = {isa = PBXBuildFile; fileRef = 0503F2A42D524D2200B2640C /* RootViewController.swift */; };
		0503F2A82D524D9300B2640C /* AccountViewController.swift in Sources */ = {isa = PBXBuildFile; fileRef = 0503F2A72D524D9300B2640C /* AccountViewController.swift */; };
		0503F2AB2D524E0800B2640C /* MainViewController.swift in Sources */ = {isa = PBXBuildFile; fileRef = 0503F2AA2D524E0800B2640C /* MainViewController.swift */; };
		0503F2AE2D5251D600B2640C /* FirebaseAuthManager.swift in Sources */ = {isa = PBXBuildFile; fileRef = 0503F2AD2D5251D600B2640C /* FirebaseAuthManager.swift */; };
		0503F2B12D54E1D200B2640C /* UIView+Extension.swift in Sources */ = {isa = PBXBuildFile; fileRef = 0503F2B02D54E1D200B2640C /* UIView+Extension.swift */; };
		050830F62D41DA0F008C8831 /* AppDelegate.swift in Sources */ = {isa = PBXBuildFile; fileRef = 050830F52D41DA0F008C8831 /* AppDelegate.swift */; };
		050830F82D41DA0F008C8831 /* SceneDelegate.swift in Sources */ = {isa = PBXBuildFile; fileRef = 050830F72D41DA0F008C8831 /* SceneDelegate.swift */; };
		050830FA2D41DA0F008C8831 /* ViewController.swift in Sources */ = {isa = PBXBuildFile; fileRef = 050830F92D41DA0F008C8831 /* ViewController.swift */; };
		050830FF2D41DA11008C8831 /* Assets.xcassets in Resources */ = {isa = PBXBuildFile; fileRef = 050830FE2D41DA11008C8831 /* Assets.xcassets */; };
		0508310B2D41DBEE008C8831 /* FirebaseAnalytics in Frameworks */ = {isa = PBXBuildFile; productRef = 0508310A2D41DBEE008C8831 /* FirebaseAnalytics */; };
		0508310D2D41DBEE008C8831 /* FirebaseAnalyticsOnDeviceConversion in Frameworks */ = {isa = PBXBuildFile; productRef = 0508310C2D41DBEE008C8831 /* FirebaseAnalyticsOnDeviceConversion */; };
		0508310F2D41DBEE008C8831 /* FirebaseAnalyticsWithoutAdIdSupport in Frameworks */ = {isa = PBXBuildFile; productRef = 0508310E2D41DBEE008C8831 /* FirebaseAnalyticsWithoutAdIdSupport */; };
		050831112D41DBEE008C8831 /* FirebaseAppCheck in Frameworks */ = {isa = PBXBuildFile; productRef = 050831102D41DBEE008C8831 /* FirebaseAppCheck */; };
		050831132D41DBEE008C8831 /* FirebaseAppDistribution-Beta in Frameworks */ = {isa = PBXBuildFile; productRef = 050831122D41DBEE008C8831 /* FirebaseAppDistribution-Beta */; };
		050831152D41DBEE008C8831 /* FirebaseAuth in Frameworks */ = {isa = PBXBuildFile; productRef = 050831142D41DBEE008C8831 /* FirebaseAuth */; };
		050831172D41DBEE008C8831 /* FirebaseAuthCombine-Community in Frameworks */ = {isa = PBXBuildFile; productRef = 050831162D41DBEE008C8831 /* FirebaseAuthCombine-Community */; };
		050831192D41DBEE008C8831 /* FirebaseCore in Frameworks */ = {isa = PBXBuildFile; productRef = 050831182D41DBEE008C8831 /* FirebaseCore */; };
		0508311B2D41DBEE008C8831 /* FirebaseCrashlytics in Frameworks */ = {isa = PBXBuildFile; productRef = 0508311A2D41DBEE008C8831 /* FirebaseCrashlytics */; };
		0508311D2D41DBEE008C8831 /* FirebaseDatabase in Frameworks */ = {isa = PBXBuildFile; productRef = 0508311C2D41DBEE008C8831 /* FirebaseDatabase */; };
		0508311F2D41DBEE008C8831 /* FirebaseDynamicLinks in Frameworks */ = {isa = PBXBuildFile; productRef = 0508311E2D41DBEE008C8831 /* FirebaseDynamicLinks */; };
		050831212D41DBEE008C8831 /* FirebaseFirestore in Frameworks */ = {isa = PBXBuildFile; productRef = 050831202D41DBEE008C8831 /* FirebaseFirestore */; };
		050831232D41DBEE008C8831 /* FirebaseFirestoreCombine-Community in Frameworks */ = {isa = PBXBuildFile; productRef = 050831222D41DBEE008C8831 /* FirebaseFirestoreCombine-Community */; };
		050831252D41DBEE008C8831 /* FirebaseFunctions in Frameworks */ = {isa = PBXBuildFile; productRef = 050831242D41DBEE008C8831 /* FirebaseFunctions */; };
		050831272D41DBEE008C8831 /* FirebaseFunctionsCombine-Community in Frameworks */ = {isa = PBXBuildFile; productRef = 050831262D41DBEE008C8831 /* FirebaseFunctionsCombine-Community */; };
		050831292D41DBEE008C8831 /* FirebaseInAppMessaging-Beta in Frameworks */ = {isa = PBXBuildFile; productRef = 050831282D41DBEE008C8831 /* FirebaseInAppMessaging-Beta */; };
		0508312B2D41DBEE008C8831 /* FirebaseInstallations in Frameworks */ = {isa = PBXBuildFile; productRef = 0508312A2D41DBEE008C8831 /* FirebaseInstallations */; };
		0508312D2D41DBEE008C8831 /* FirebaseMLModelDownloader in Frameworks */ = {isa = PBXBuildFile; productRef = 0508312C2D41DBEE008C8831 /* FirebaseMLModelDownloader */; };
		0508312F2D41DBEE008C8831 /* FirebaseMessaging in Frameworks */ = {isa = PBXBuildFile; productRef = 0508312E2D41DBEE008C8831 /* FirebaseMessaging */; };
		050831312D41DBEE008C8831 /* FirebasePerformance in Frameworks */ = {isa = PBXBuildFile; productRef = 050831302D41DBEE008C8831 /* FirebasePerformance */; };
		050831332D41DBEE008C8831 /* FirebaseRemoteConfig in Frameworks */ = {isa = PBXBuildFile; productRef = 050831322D41DBEE008C8831 /* FirebaseRemoteConfig */; };
		050831352D41DBEE008C8831 /* FirebaseStorage in Frameworks */ = {isa = PBXBuildFile; productRef = 050831342D41DBEE008C8831 /* FirebaseStorage */; };
		050831372D41DBEE008C8831 /* FirebaseStorageCombine-Community in Frameworks */ = {isa = PBXBuildFile; productRef = 050831362D41DBEE008C8831 /* FirebaseStorageCombine-Community */; };
		050831392D41DBEE008C8831 /* FirebaseVertexAI in Frameworks */ = {isa = PBXBuildFile; productRef = 050831382D41DBEE008C8831 /* FirebaseVertexAI */; };
		050831402D41E029008C8831 /* LoginViewController.swift in Sources */ = {isa = PBXBuildFile; fileRef = 0508313F2D41E029008C8831 /* LoginViewController.swift */; };
		050831432D41E048008C8831 /* xxooooxxCommonFunction in Frameworks */ = {isa = PBXBuildFile; productRef = 050831422D41E048008C8831 /* xxooooxxCommonFunction */; };
		050831452D41E048008C8831 /* xxooooxxCommonUI in Frameworks */ = {isa = PBXBuildFile; productRef = 050831442D41E048008C8831 /* xxooooxxCommonUI */; };
		050831472D41E32C008C8831 /* LoginVCManager.swift in Sources */ = {isa = PBXBuildFile; fileRef = 050831462D41E32C008C8831 /* LoginVCManager.swift */; };
		051257D72D7F129E0066F3F2 /* APIManager+Ledger.swift in Sources */ = {isa = PBXBuildFile; fileRef = 051257D62D7F129E0066F3F2 /* APIManager+Ledger.swift */; };
		051257DA2D7F16630066F3F2 /* LedgerData.swift in Sources */ = {isa = PBXBuildFile; fileRef = 051257D92D7F16630066F3F2 /* LedgerData.swift */; };
		051257DE2D7F1AC80066F3F2 /* SingletonData.swift in Sources */ = {isa = PBXBuildFile; fileRef = 051257DD2D7F1AC80066F3F2 /* SingletonData.swift */; };
		051257E02D7F1D070066F3F2 /* APIManager+Tag.swift in Sources */ = {isa = PBXBuildFile; fileRef = 051257DF2D7F1D070066F3F2 /* APIManager+Tag.swift */; };
		051257E32D7F1DC10066F3F2 /* TagData.swift in Sources */ = {isa = PBXBuildFile; fileRef = 051257E22D7F1DC10066F3F2 /* TagData.swift */; };
		051257E62D81BE980066F3F2 /* TransactionData.swift in Sources */ = {isa = PBXBuildFile; fileRef = 051257E52D81BE980066F3F2 /* TransactionData.swift */; };
		051257E82D81CF770066F3F2 /* APIManager+Transaction.swift in Sources */ = {isa = PBXBuildFile; fileRef = 051257E72D81CF770066F3F2 /* APIManager+Transaction.swift */; };
		051257EA2D8326260066F3F2 /* MRecntManager.swift in Sources */ = {isa = PBXBuildFile; fileRef = 051257E92D8326260066F3F2 /* MRecntManager.swift */; };
		051257ED2D8477C60066F3F2 /* MRCCell.swift in Sources */ = {isa = PBXBuildFile; fileRef = 051257EC2D8477C60066F3F2 /* MRCCell.swift */; };
		051B49192D87077800834D72 /* NotificationName+Extension.swift in Sources */ = {isa = PBXBuildFile; fileRef = 051B49182D87077800834D72 /* NotificationName+Extension.swift */; };
		051B491C2D870ACC00834D72 /* MCalendarView.swift in Sources */ = {isa = PBXBuildFile; fileRef = 051B491B2D870ACC00834D72 /* MCalendarView.swift */; };
		051B491F2D8859D400834D72 /* MCTitleCell.swift in Sources */ = {isa = PBXBuildFile; fileRef = 051B491E2D8859D400834D72 /* MCTitleCell.swift */; };
		051B49212D8859FD00834D72 /* MCDateCell.swift in Sources */ = {isa = PBXBuildFile; fileRef = 051B49202D8859FD00834D72 /* MCDateCell.swift */; };
		051B49232D885B3500834D72 /* MCalendarManager.swift in Sources */ = {isa = PBXBuildFile; fileRef = 051B49222D885B3500834D72 /* MCalendarManager.swift */; };
		051B49262D8997EF00834D72 /* MPieChartView.swift in Sources */ = {isa = PBXBuildFile; fileRef = 051B49252D8997EF00834D72 /* MPieChartView.swift */; };
		051B49282D89A06F00834D72 /* MPieChartManager.swift in Sources */ = {isa = PBXBuildFile; fileRef = 051B49272D89A06F00834D72 /* MPieChartManager.swift */; };
		0529446B2D6E019800943CAC /* MQLIncomeExpenditureSelectView.swift in Sources */ = {isa = PBXBuildFile; fileRef = 0529446A2D6E019800943CAC /* MQLIncomeExpenditureSelectView.swift */; };
		0529446D2D6E0AA500943CAC /* MQLTagView.swift in Sources */ = {isa = PBXBuildFile; fileRef = 0529446C2D6E0AA500943CAC /* MQLTagView.swift */; };
		0529446F2D6E10B200943CAC /* MQLSendView.swift in Sources */ = {isa = PBXBuildFile; fileRef = 0529446E2D6E10B200943CAC /* MQLSendView.swift */; };
		052944712D79E44300943CAC /* MQLQuickLogManager.swift in Sources */ = {isa = PBXBuildFile; fileRef = 052944702D79E44300943CAC /* MQLQuickLogManager.swift */; };
		052944752D79E9D700943CAC /* TagViewController.swift in Sources */ = {isa = PBXBuildFile; fileRef = 052944742D79E9D700943CAC /* TagViewController.swift */; };
		054A09322D7C11E30092B7E8 /* NewTagCell.swift in Sources */ = {isa = PBXBuildFile; fileRef = 054A09312D7C11E30092B7E8 /* NewTagCell.swift */; };
		054A09342D7C1DDB0092B7E8 /* TVC+TabelViewSetting.swift in Sources */ = {isa = PBXBuildFile; fileRef = 054A09332D7C1DDB0092B7E8 /* TVC+TabelViewSetting.swift */; };
		054A09362D7C20160092B7E8 /* TagManager.swift in Sources */ = {isa = PBXBuildFile; fileRef = 054A09352D7C20160092B7E8 /* TagManager.swift */; };
		055704532D5781D30032C47C /* AccountVCManager.swift in Sources */ = {isa = PBXBuildFile; fileRef = 055704522D5781D30032C47C /* AccountVCManager.swift */; };
		055704572D5782A90032C47C /* UserInfoData.swift in Sources */ = {isa = PBXBuildFile; fileRef = 055704562D5782A90032C47C /* UserInfoData.swift */; };
		055704592D57839C0032C47C /* DataConstain.swift in Sources */ = {isa = PBXBuildFile; fileRef = 055704582D57839C0032C47C /* DataConstain.swift */; };
		0557045B2D578ECA0032C47C /* AccountVC+SettingTableView.swift in Sources */ = {isa = PBXBuildFile; fileRef = 0557045A2D578ECA0032C47C /* AccountVC+SettingTableView.swift */; };
		0557045D2D5792830032C47C /* GoogleService-Info.plist in Resources */ = {isa = PBXBuildFile; fileRef = 0557045C2D5792830032C47C /* GoogleService-Info.plist */; };
		05AF766B2D944A0800C27407 /* LDIncomeExpenseView.swift in Sources */ = {isa = PBXBuildFile; fileRef = 05AF766A2D944A0800C27407 /* LDIncomeExpenseView.swift */; };
		05B340A92D66123E000378A2 /* APIPath.swift in Sources */ = {isa = PBXBuildFile; fileRef = 05B340A82D66123E000378A2 /* APIPath.swift */; };
		05B340AB2D661FB6000378A2 /* APIManager+UserInfo.swift in Sources */ = {isa = PBXBuildFile; fileRef = 05B340AA2D661FB6000378A2 /* APIManager+UserInfo.swift */; };
		05B340AD2D66201E000378A2 /* APIResponseData.swift in Sources */ = {isa = PBXBuildFile; fileRef = 05B340AC2D66201E000378A2 /* APIResponseData.swift */; };
		05B340AF2D66218B000378A2 /* APIManager+Information.swift in Sources */ = {isa = PBXBuildFile; fileRef = 05B340AE2D66218B000378A2 /* APIManager+Information.swift */; };
		05B340B22D66222F000378A2 /* BasicInformationData.swift in Sources */ = {isa = PBXBuildFile; fileRef = 05B340B12D66222F000378A2 /* BasicInformationData.swift */; };
		05B340B42D68B705000378A2 /* APIManager+Photo.swift in Sources */ = {isa = PBXBuildFile; fileRef = 05B340B32D68B705000378A2 /* APIManager+Photo.swift */; };
		05C37B912D7B35FF005FCF89 /* TagCell.swift in Sources */ = {isa = PBXBuildFile; fileRef = 05C37B902D7B35FF005FCF89 /* TagCell.swift */; };
		05C5E3982D91894A00E36A3A /* LedgerDetailViewController.swift in Sources */ = {isa = PBXBuildFile; fileRef = 05C5E3972D91894A00E36A3A /* LedgerDetailViewController.swift */; };
		05C5E39A2D91981A00E36A3A /* LedgerDetailManager.swift in Sources */ = {isa = PBXBuildFile; fileRef = 05C5E3992D91981A00E36A3A /* LedgerDetailManager.swift */; };
		05C5E39D2D91A6E000E36A3A /* AvatarCollectionViewCell.swift in Sources */ = {isa = PBXBuildFile; fileRef = 05C5E39C2D91A6E000E36A3A /* AvatarCollectionViewCell.swift */; };
		05C95D182D8AEE240058A8A8 /* MPCTagCell.swift in Sources */ = {isa = PBXBuildFile; fileRef = 05C95D172D8AEE240058A8A8 /* MPCTagCell.swift */; };
		05C95D1B2D8AF7BF0058A8A8 /* LedgerViewController.swift in Sources */ = {isa = PBXBuildFile; fileRef = 05C95D1A2D8AF7BF0058A8A8 /* LedgerViewController.swift */; };
		05C95D1E2D8B04AB0058A8A8 /* LedgerCollectionViewCell.swift in Sources */ = {isa = PBXBuildFile; fileRef = 05C95D1D2D8B04AB0058A8A8 /* LedgerCollectionViewCell.swift */; };
		05C95D202D8C5CD60058A8A8 /* LedgerVCManager.swift in Sources */ = {isa = PBXBuildFile; fileRef = 05C95D1F2D8C5CD60058A8A8 /* LedgerVCManager.swift */; };
		05EC2B102D6A1583006F1F3A /* ImageQualitySettingViewController.swift in Sources */ = {isa = PBXBuildFile; fileRef = 05EC2B0F2D6A1583006F1F3A /* ImageQualitySettingViewController.swift */; };
		05EC2B132D6B4F17006F1F3A /* DateFormatterManager.swift in Sources */ = {isa = PBXBuildFile; fileRef = 05EC2B122D6B4F17006F1F3A /* DateFormatterManager.swift */; };
		05EC2B162D6B54E2006F1F3A /* MRecentContentView.swift in Sources */ = {isa = PBXBuildFile; fileRef = 05EC2B152D6B54E2006F1F3A /* MRecentContentView.swift */; };
		05EC2B192D6B5916006F1F3A /* MQuickLogView.swift in Sources */ = {isa = PBXBuildFile; fileRef = 05EC2B182D6B5916006F1F3A /* MQuickLogView.swift */; };
		05EC2B1C2D6CB316006F1F3A /* MQLPlusButtonView.swift in Sources */ = {isa = PBXBuildFile; fileRef = 05EC2B1B2D6CB316006F1F3A /* MQLPlusButtonView.swift */; };
/* End PBXBuildFile section */

/* Begin PBXFileReference section */
		0503F2992D52420000B2640C /* KeychainManager.swift */ = {isa = PBXFileReference; lastKnownFileType = sourcecode.swift; path = KeychainManager.swift; sourceTree = "<group>"; };
		0503F29C2D52448700B2640C /* KeychainKey.swift */ = {isa = PBXFileReference; lastKnownFileType = sourcecode.swift; path = KeychainKey.swift; sourceTree = "<group>"; };
		0503F2A12D52499200B2640C /* APIManager.swift */ = {isa = PBXFileReference; lastKnownFileType = sourcecode.swift; path = APIManager.swift; sourceTree = "<group>"; };
		0503F2A42D524D2200B2640C /* RootViewController.swift */ = {isa = PBXFileReference; lastKnownFileType = sourcecode.swift; path = RootViewController.swift; sourceTree = "<group>"; };
		0503F2A72D524D9300B2640C /* AccountViewController.swift */ = {isa = PBXFileReference; lastKnownFileType = sourcecode.swift; path = AccountViewController.swift; sourceTree = "<group>"; };
		0503F2AA2D524E0800B2640C /* MainViewController.swift */ = {isa = PBXFileReference; lastKnownFileType = sourcecode.swift; path = MainViewController.swift; sourceTree = "<group>"; };
		0503F2AD2D5251D600B2640C /* FirebaseAuthManager.swift */ = {isa = PBXFileReference; lastKnownFileType = sourcecode.swift; path = FirebaseAuthManager.swift; sourceTree = "<group>"; };
		0503F2B02D54E1D200B2640C /* UIView+Extension.swift */ = {isa = PBXFileReference; lastKnownFileType = sourcecode.swift; path = "UIView+Extension.swift"; sourceTree = "<group>"; };
		050830F22D41DA0F008C8831 /* NestLedger.app */ = {isa = PBXFileReference; explicitFileType = wrapper.application; includeInIndex = 0; path = NestLedger.app; sourceTree = BUILT_PRODUCTS_DIR; };
		050830F52D41DA0F008C8831 /* AppDelegate.swift */ = {isa = PBXFileReference; lastKnownFileType = sourcecode.swift; path = AppDelegate.swift; sourceTree = "<group>"; };
		050830F72D41DA0F008C8831 /* SceneDelegate.swift */ = {isa = PBXFileReference; lastKnownFileType = sourcecode.swift; path = SceneDelegate.swift; sourceTree = "<group>"; };
		050830F92D41DA0F008C8831 /* ViewController.swift */ = {isa = PBXFileReference; lastKnownFileType = sourcecode.swift; path = ViewController.swift; sourceTree = "<group>"; };
		050830FE2D41DA11008C8831 /* Assets.xcassets */ = {isa = PBXFileReference; lastKnownFileType = folder.assetcatalog; path = Assets.xcassets; sourceTree = "<group>"; };
		050831032D41DA11008C8831 /* Info.plist */ = {isa = PBXFileReference; lastKnownFileType = text.plist.xml; path = Info.plist; sourceTree = "<group>"; };
		0508313F2D41E029008C8831 /* LoginViewController.swift */ = {isa = PBXFileReference; lastKnownFileType = sourcecode.swift; path = LoginViewController.swift; sourceTree = "<group>"; };
		050831462D41E32C008C8831 /* LoginVCManager.swift */ = {isa = PBXFileReference; lastKnownFileType = sourcecode.swift; path = LoginVCManager.swift; sourceTree = "<group>"; };
		051257D62D7F129E0066F3F2 /* APIManager+Ledger.swift */ = {isa = PBXFileReference; lastKnownFileType = sourcecode.swift; path = "APIManager+Ledger.swift"; sourceTree = "<group>"; };
		051257D92D7F16630066F3F2 /* LedgerData.swift */ = {isa = PBXFileReference; lastKnownFileType = sourcecode.swift; path = LedgerData.swift; sourceTree = "<group>"; };
		051257DD2D7F1AC80066F3F2 /* SingletonData.swift */ = {isa = PBXFileReference; lastKnownFileType = sourcecode.swift; path = SingletonData.swift; sourceTree = "<group>"; };
		051257DF2D7F1D070066F3F2 /* APIManager+Tag.swift */ = {isa = PBXFileReference; lastKnownFileType = sourcecode.swift; path = "APIManager+Tag.swift"; sourceTree = "<group>"; };
		051257E22D7F1DC10066F3F2 /* TagData.swift */ = {isa = PBXFileReference; lastKnownFileType = sourcecode.swift; path = TagData.swift; sourceTree = "<group>"; };
		051257E52D81BE980066F3F2 /* TransactionData.swift */ = {isa = PBXFileReference; lastKnownFileType = sourcecode.swift; path = TransactionData.swift; sourceTree = "<group>"; };
		051257E72D81CF770066F3F2 /* APIManager+Transaction.swift */ = {isa = PBXFileReference; lastKnownFileType = sourcecode.swift; path = "APIManager+Transaction.swift"; sourceTree = "<group>"; };
		051257E92D8326260066F3F2 /* MRecntManager.swift */ = {isa = PBXFileReference; lastKnownFileType = sourcecode.swift; path = MRecntManager.swift; sourceTree = "<group>"; };
		051257EC2D8477C60066F3F2 /* MRCCell.swift */ = {isa = PBXFileReference; lastKnownFileType = sourcecode.swift; path = MRCCell.swift; sourceTree = "<group>"; };
		051AC9312D41EFAD00ECE40B /* NestLedger.entitlements */ = {isa = PBXFileReference; lastKnownFileType = text.plist.entitlements; path = NestLedger.entitlements; sourceTree = "<group>"; };
		051B49182D87077800834D72 /* NotificationName+Extension.swift */ = {isa = PBXFileReference; lastKnownFileType = sourcecode.swift; path = "NotificationName+Extension.swift"; sourceTree = "<group>"; };
		051B491B2D870ACC00834D72 /* MCalendarView.swift */ = {isa = PBXFileReference; lastKnownFileType = sourcecode.swift; path = MCalendarView.swift; sourceTree = "<group>"; };
		051B491E2D8859D400834D72 /* MCTitleCell.swift */ = {isa = PBXFileReference; lastKnownFileType = sourcecode.swift; path = MCTitleCell.swift; sourceTree = "<group>"; };
		051B49202D8859FD00834D72 /* MCDateCell.swift */ = {isa = PBXFileReference; lastKnownFileType = sourcecode.swift; path = MCDateCell.swift; sourceTree = "<group>"; };
		051B49222D885B3500834D72 /* MCalendarManager.swift */ = {isa = PBXFileReference; lastKnownFileType = sourcecode.swift; path = MCalendarManager.swift; sourceTree = "<group>"; };
		051B49252D8997EF00834D72 /* MPieChartView.swift */ = {isa = PBXFileReference; lastKnownFileType = sourcecode.swift; path = MPieChartView.swift; sourceTree = "<group>"; };
		051B49272D89A06F00834D72 /* MPieChartManager.swift */ = {isa = PBXFileReference; lastKnownFileType = sourcecode.swift; path = MPieChartManager.swift; sourceTree = "<group>"; };
		0529446A2D6E019800943CAC /* MQLIncomeExpenditureSelectView.swift */ = {isa = PBXFileReference; lastKnownFileType = sourcecode.swift; path = MQLIncomeExpenditureSelectView.swift; sourceTree = "<group>"; };
		0529446C2D6E0AA500943CAC /* MQLTagView.swift */ = {isa = PBXFileReference; lastKnownFileType = sourcecode.swift; path = MQLTagView.swift; sourceTree = "<group>"; };
		0529446E2D6E10B200943CAC /* MQLSendView.swift */ = {isa = PBXFileReference; lastKnownFileType = sourcecode.swift; path = MQLSendView.swift; sourceTree = "<group>"; };
		052944702D79E44300943CAC /* MQLQuickLogManager.swift */ = {isa = PBXFileReference; lastKnownFileType = sourcecode.swift; path = MQLQuickLogManager.swift; sourceTree = "<group>"; };
		052944742D79E9D700943CAC /* TagViewController.swift */ = {isa = PBXFileReference; lastKnownFileType = sourcecode.swift; path = TagViewController.swift; sourceTree = "<group>"; };
		054A09312D7C11E30092B7E8 /* NewTagCell.swift */ = {isa = PBXFileReference; lastKnownFileType = sourcecode.swift; path = NewTagCell.swift; sourceTree = "<group>"; };
		054A09332D7C1DDB0092B7E8 /* TVC+TabelViewSetting.swift */ = {isa = PBXFileReference; lastKnownFileType = sourcecode.swift; path = "TVC+TabelViewSetting.swift"; sourceTree = "<group>"; };
		054A09352D7C20160092B7E8 /* TagManager.swift */ = {isa = PBXFileReference; lastKnownFileType = sourcecode.swift; path = TagManager.swift; sourceTree = "<group>"; };
		055704522D5781D30032C47C /* AccountVCManager.swift */ = {isa = PBXFileReference; lastKnownFileType = sourcecode.swift; path = AccountVCManager.swift; sourceTree = "<group>"; };
		055704562D5782A90032C47C /* UserInfoData.swift */ = {isa = PBXFileReference; lastKnownFileType = sourcecode.swift; path = UserInfoData.swift; sourceTree = "<group>"; };
		055704582D57839C0032C47C /* DataConstain.swift */ = {isa = PBXFileReference; lastKnownFileType = sourcecode.swift; path = DataConstain.swift; sourceTree = "<group>"; };
		0557045A2D578ECA0032C47C /* AccountVC+SettingTableView.swift */ = {isa = PBXFileReference; lastKnownFileType = sourcecode.swift; path = "AccountVC+SettingTableView.swift"; sourceTree = "<group>"; };
		0557045C2D5792830032C47C /* GoogleService-Info.plist */ = {isa = PBXFileReference; fileEncoding = 4; lastKnownFileType = text.plist.xml; path = "GoogleService-Info.plist"; sourceTree = "<group>"; };
		05AF766A2D944A0800C27407 /* LDIncomeExpenseView.swift */ = {isa = PBXFileReference; lastKnownFileType = sourcecode.swift; path = LDIncomeExpenseView.swift; sourceTree = "<group>"; };
		05B340A82D66123E000378A2 /* APIPath.swift */ = {isa = PBXFileReference; lastKnownFileType = sourcecode.swift; path = APIPath.swift; sourceTree = "<group>"; };
		05B340AA2D661FB6000378A2 /* APIManager+UserInfo.swift */ = {isa = PBXFileReference; lastKnownFileType = sourcecode.swift; path = "APIManager+UserInfo.swift"; sourceTree = "<group>"; };
		05B340AC2D66201E000378A2 /* APIResponseData.swift */ = {isa = PBXFileReference; lastKnownFileType = sourcecode.swift; path = APIResponseData.swift; sourceTree = "<group>"; };
		05B340AE2D66218B000378A2 /* APIManager+Information.swift */ = {isa = PBXFileReference; lastKnownFileType = sourcecode.swift; path = "APIManager+Information.swift"; sourceTree = "<group>"; };
		05B340B12D66222F000378A2 /* BasicInformationData.swift */ = {isa = PBXFileReference; lastKnownFileType = sourcecode.swift; path = BasicInformationData.swift; sourceTree = "<group>"; };
		05B340B32D68B705000378A2 /* APIManager+Photo.swift */ = {isa = PBXFileReference; lastKnownFileType = sourcecode.swift; path = "APIManager+Photo.swift"; sourceTree = "<group>"; };
		05C37B902D7B35FF005FCF89 /* TagCell.swift */ = {isa = PBXFileReference; lastKnownFileType = sourcecode.swift; path = TagCell.swift; sourceTree = "<group>"; };
		05C5E3972D91894A00E36A3A /* LedgerDetailViewController.swift */ = {isa = PBXFileReference; lastKnownFileType = sourcecode.swift; path = LedgerDetailViewController.swift; sourceTree = "<group>"; };
		05C5E3992D91981A00E36A3A /* LedgerDetailManager.swift */ = {isa = PBXFileReference; lastKnownFileType = sourcecode.swift; path = LedgerDetailManager.swift; sourceTree = "<group>"; };
		05C5E39C2D91A6E000E36A3A /* AvatarCollectionViewCell.swift */ = {isa = PBXFileReference; lastKnownFileType = sourcecode.swift; path = AvatarCollectionViewCell.swift; sourceTree = "<group>"; };
		05C95D172D8AEE240058A8A8 /* MPCTagCell.swift */ = {isa = PBXFileReference; lastKnownFileType = sourcecode.swift; path = MPCTagCell.swift; sourceTree = "<group>"; };
		05C95D1A2D8AF7BF0058A8A8 /* LedgerViewController.swift */ = {isa = PBXFileReference; lastKnownFileType = sourcecode.swift; path = LedgerViewController.swift; sourceTree = "<group>"; };
		05C95D1D2D8B04AB0058A8A8 /* LedgerCollectionViewCell.swift */ = {isa = PBXFileReference; lastKnownFileType = sourcecode.swift; path = LedgerCollectionViewCell.swift; sourceTree = "<group>"; };
		05C95D1F2D8C5CD60058A8A8 /* LedgerVCManager.swift */ = {isa = PBXFileReference; lastKnownFileType = sourcecode.swift; path = LedgerVCManager.swift; sourceTree = "<group>"; };
		05EC2B0F2D6A1583006F1F3A /* ImageQualitySettingViewController.swift */ = {isa = PBXFileReference; lastKnownFileType = sourcecode.swift; path = ImageQualitySettingViewController.swift; sourceTree = "<group>"; };
		05EC2B122D6B4F17006F1F3A /* DateFormatterManager.swift */ = {isa = PBXFileReference; lastKnownFileType = sourcecode.swift; path = DateFormatterManager.swift; sourceTree = "<group>"; };
		05EC2B152D6B54E2006F1F3A /* MRecentContentView.swift */ = {isa = PBXFileReference; lastKnownFileType = sourcecode.swift; path = MRecentContentView.swift; sourceTree = "<group>"; };
		05EC2B182D6B5916006F1F3A /* MQuickLogView.swift */ = {isa = PBXFileReference; lastKnownFileType = sourcecode.swift; path = MQuickLogView.swift; sourceTree = "<group>"; };
		05EC2B1B2D6CB316006F1F3A /* MQLPlusButtonView.swift */ = {isa = PBXFileReference; lastKnownFileType = sourcecode.swift; path = MQLPlusButtonView.swift; sourceTree = "<group>"; };
/* End PBXFileReference section */

/* Begin PBXFrameworksBuildPhase section */
		050830EF2D41DA0F008C8831 /* Frameworks */ = {
			isa = PBXFrameworksBuildPhase;
			buildActionMask = 2147483647;
			files = (
				050831232D41DBEE008C8831 /* FirebaseFirestoreCombine-Community in Frameworks */,
				050831392D41DBEE008C8831 /* FirebaseVertexAI in Frameworks */,
				050831252D41DBEE008C8831 /* FirebaseFunctions in Frameworks */,
				050831312D41DBEE008C8831 /* FirebasePerformance in Frameworks */,
				050831372D41DBEE008C8831 /* FirebaseStorageCombine-Community in Frameworks */,
				050831332D41DBEE008C8831 /* FirebaseRemoteConfig in Frameworks */,
				0508311D2D41DBEE008C8831 /* FirebaseDatabase in Frameworks */,
				0508311F2D41DBEE008C8831 /* FirebaseDynamicLinks in Frameworks */,
				050831112D41DBEE008C8831 /* FirebaseAppCheck in Frameworks */,
				050831432D41E048008C8831 /* xxooooxxCommonFunction in Frameworks */,
				050831152D41DBEE008C8831 /* FirebaseAuth in Frameworks */,
				0508310B2D41DBEE008C8831 /* FirebaseAnalytics in Frameworks */,
				050831212D41DBEE008C8831 /* FirebaseFirestore in Frameworks */,
				0508312F2D41DBEE008C8831 /* FirebaseMessaging in Frameworks */,
				0508312B2D41DBEE008C8831 /* FirebaseInstallations in Frameworks */,
				050831452D41E048008C8831 /* xxooooxxCommonUI in Frameworks */,
				050831272D41DBEE008C8831 /* FirebaseFunctionsCombine-Community in Frameworks */,
				050831132D41DBEE008C8831 /* FirebaseAppDistribution-Beta in Frameworks */,
				0508310F2D41DBEE008C8831 /* FirebaseAnalyticsWithoutAdIdSupport in Frameworks */,
				050831292D41DBEE008C8831 /* FirebaseInAppMessaging-Beta in Frameworks */,
				050831172D41DBEE008C8831 /* FirebaseAuthCombine-Community in Frameworks */,
				0508311B2D41DBEE008C8831 /* FirebaseCrashlytics in Frameworks */,
				0508312D2D41DBEE008C8831 /* FirebaseMLModelDownloader in Frameworks */,
				050831352D41DBEE008C8831 /* FirebaseStorage in Frameworks */,
				050831192D41DBEE008C8831 /* FirebaseCore in Frameworks */,
				0508310D2D41DBEE008C8831 /* FirebaseAnalyticsOnDeviceConversion in Frameworks */,
			);
			runOnlyForDeploymentPostprocessing = 0;
		};
/* End PBXFrameworksBuildPhase section */

/* Begin PBXGroup section */
		0503F2982D5241DE00B2640C /* Keychain */ = {
			isa = PBXGroup;
			children = (
				0503F2992D52420000B2640C /* KeychainManager.swift */,
			);
			path = Keychain;
			sourceTree = "<group>";
		};
		0503F29B2D52446C00B2640C /* Const */ = {
			isa = PBXGroup;
			children = (
				0503F29C2D52448700B2640C /* KeychainKey.swift */,
			);
			path = Const;
			sourceTree = "<group>";
		};
		0503F2A02D52496200B2640C /* API */ = {
			isa = PBXGroup;
			children = (
				05B340AE2D66218B000378A2 /* APIManager+Information.swift */,
				051257D62D7F129E0066F3F2 /* APIManager+Ledger.swift */,
				05B340B32D68B705000378A2 /* APIManager+Photo.swift */,
				051257DF2D7F1D070066F3F2 /* APIManager+Tag.swift */,
				051257E72D81CF770066F3F2 /* APIManager+Transaction.swift */,
				05B340AA2D661FB6000378A2 /* APIManager+UserInfo.swift */,
				0503F2A12D52499200B2640C /* APIManager.swift */,
				05B340A82D66123E000378A2 /* APIPath.swift */,
			);
			path = API;
			sourceTree = "<group>";
		};
		0503F2A32D524D1600B2640C /* RootViewController */ = {
			isa = PBXGroup;
			children = (
				0503F2A42D524D2200B2640C /* RootViewController.swift */,
			);
			path = RootViewController;
			sourceTree = "<group>";
		};
		0503F2A62D524D8300B2640C /* Account */ = {
			isa = PBXGroup;
			children = (
				05EC2B0E2D6A14BA006F1F3A /* Subviews */,
				0557045A2D578ECA0032C47C /* AccountVC+SettingTableView.swift */,
				055704522D5781D30032C47C /* AccountVCManager.swift */,
				0503F2A72D524D9300B2640C /* AccountViewController.swift */,
			);
			path = Account;
			sourceTree = "<group>";
		};
		0503F2A92D524E0000B2640C /* Main */ = {
			isa = PBXGroup;
			children = (
				051B491A2D870A9400834D72 /* Calendar */,
				051B49242D8997DB00834D72 /* PieChart */,
				05EC2B172D6B5903006F1F3A /* QuickLog */,
				05EC2B142D6B54B5006F1F3A /* RecentContent */,
				0503F2AA2D524E0800B2640C /* MainViewController.swift */,
			);
			path = Main;
			sourceTree = "<group>";
		};
		0503F2AC2D5251BB00B2640C /* Firebase */ = {
			isa = PBXGroup;
			children = (
				0503F2AD2D5251D600B2640C /* FirebaseAuthManager.swift */,
			);
			path = Firebase;
			sourceTree = "<group>";
		};
		0503F2AF2D54E1BF00B2640C /* Extensions */ = {
			isa = PBXGroup;
			children = (
				051B49182D87077800834D72 /* NotificationName+Extension.swift */,
				0503F2B02D54E1D200B2640C /* UIView+Extension.swift */,
			);
			path = Extensions;
			sourceTree = "<group>";
		};
		050830E92D41DA0F008C8831 = {
			isa = PBXGroup;
			children = (
				050830F42D41DA0F008C8831 /* NestLedger */,
				050830F32D41DA0F008C8831 /* Products */,
				0557045C2D5792830032C47C /* GoogleService-Info.plist */,
			);
			sourceTree = "<group>";
		};
		050830F32D41DA0F008C8831 /* Products */ = {
			isa = PBXGroup;
			children = (
				050830F22D41DA0F008C8831 /* NestLedger.app */,
			);
			name = Products;
			sourceTree = "<group>";
		};
		050830F42D41DA0F008C8831 /* NestLedger */ = {
			isa = PBXGroup;
			children = (
				0503F2A02D52496200B2640C /* API */,
				0503F2A62D524D8300B2640C /* Account */,
				052944722D79E91900943CAC /* Components */,
				0503F29B2D52446C00B2640C /* Const */,
				055704542D5782960032C47C /* Datas */,
				0503F2AF2D54E1BF00B2640C /* Extensions */,
				0503F2AC2D5251BB00B2640C /* Firebase */,
				0503F2982D5241DE00B2640C /* Keychain */,
				05C95D192D8AF7A60058A8A8 /* Ledger */,
				05C5E3962D91893E00E36A3A /* LedgerDetail */,
				0508313E2D41E01C008C8831 /* Login */,
				0503F2A92D524E0000B2640C /* Main */,
				0503F2A32D524D1600B2640C /* RootViewController */,
				05EC2B112D6B4F0B006F1F3A /* Utility */,
				050830F52D41DA0F008C8831 /* AppDelegate.swift */,
				050830FE2D41DA11008C8831 /* Assets.xcassets */,
				050831032D41DA11008C8831 /* Info.plist */,
				051AC9312D41EFAD00ECE40B /* NestLedger.entitlements */,
				050830F72D41DA0F008C8831 /* SceneDelegate.swift */,
				050830F92D41DA0F008C8831 /* ViewController.swift */,
			);
			path = NestLedger;
			sourceTree = "<group>";
		};
		0508313E2D41E01C008C8831 /* Login */ = {
			isa = PBXGroup;
			children = (
				050831462D41E32C008C8831 /* LoginVCManager.swift */,
				0508313F2D41E029008C8831 /* LoginViewController.swift */,
			);
			path = Login;
			sourceTree = "<group>";
		};
		051257D82D7F165A0066F3F2 /* Ledger */ = {
			isa = PBXGroup;
			children = (
				051257D92D7F16630066F3F2 /* LedgerData.swift */,
			);
			path = Ledger;
			sourceTree = "<group>";
		};
		051257E12D7F1DB90066F3F2 /* Tag */ = {
			isa = PBXGroup;
			children = (
				051257E22D7F1DC10066F3F2 /* TagData.swift */,
			);
			path = Tag;
			sourceTree = "<group>";
		};
		051257E42D81BE8D0066F3F2 /* Transaction */ = {
			isa = PBXGroup;
			children = (
				051257E52D81BE980066F3F2 /* TransactionData.swift */,
			);
			path = Transaction;
			sourceTree = "<group>";
		};
		051257EB2D8477B20066F3F2 /* Subviews */ = {
			isa = PBXGroup;
			children = (
				051257EC2D8477C60066F3F2 /* MRCCell.swift */,
			);
			path = Subviews;
			sourceTree = "<group>";
		};
		051B491A2D870A9400834D72 /* Calendar */ = {
			isa = PBXGroup;
			children = (
				051B491D2D8859BB00834D72 /* Subviews */,
				051B49222D885B3500834D72 /* MCalendarManager.swift */,
				051B491B2D870ACC00834D72 /* MCalendarView.swift */,
			);
			path = Calendar;
			sourceTree = "<group>";
		};
		051B491D2D8859BB00834D72 /* Subviews */ = {
			isa = PBXGroup;
			children = (
				051B49202D8859FD00834D72 /* MCDateCell.swift */,
				051B491E2D8859D400834D72 /* MCTitleCell.swift */,
			);
			path = Subviews;
			sourceTree = "<group>";
		};
		051B49242D8997DB00834D72 /* PieChart */ = {
			isa = PBXGroup;
			children = (
				05C95D162D8AEE190058A8A8 /* Subviews */,
				051B49272D89A06F00834D72 /* MPieChartManager.swift */,
				051B49252D8997EF00834D72 /* MPieChartView.swift */,
			);
			path = PieChart;
			sourceTree = "<group>";
		};
		052944722D79E91900943CAC /* Components */ = {
			isa = PBXGroup;
			children = (
				052944732D79E9B500943CAC /* Tag */,
			);
			path = Components;
			sourceTree = "<group>";
		};
		052944732D79E9B500943CAC /* Tag */ = {
			isa = PBXGroup;
			children = (
				05C37B8F2D7B35ED005FCF89 /* Cells */,
				054A09332D7C1DDB0092B7E8 /* TVC+TabelViewSetting.swift */,
				054A09352D7C20160092B7E8 /* TagManager.swift */,
				052944742D79E9D700943CAC /* TagViewController.swift */,
			);
			path = Tag;
			sourceTree = "<group>";
		};
		055704542D5782960032C47C /* Datas */ = {
			isa = PBXGroup;
			children = (
				05B340B02D66221F000378A2 /* Information */,
				051257D82D7F165A0066F3F2 /* Ledger */,
				051257E12D7F1DB90066F3F2 /* Tag */,
				051257E42D81BE8D0066F3F2 /* Transaction */,
				055704552D5782A20032C47C /* UserInfo */,
				05B340AC2D66201E000378A2 /* APIResponseData.swift */,
				055704582D57839C0032C47C /* DataConstain.swift */,
				051257DD2D7F1AC80066F3F2 /* SingletonData.swift */,
			);
			path = Datas;
			sourceTree = "<group>";
		};
		055704552D5782A20032C47C /* UserInfo */ = {
			isa = PBXGroup;
			children = (
				055704562D5782A90032C47C /* UserInfoData.swift */,
			);
			path = UserInfo;
			sourceTree = "<group>";
		};
		05B340B02D66221F000378A2 /* Information */ = {
			isa = PBXGroup;
			children = (
				05B340B12D66222F000378A2 /* BasicInformationData.swift */,
			);
			path = Information;
			sourceTree = "<group>";
		};
		05C37B8F2D7B35ED005FCF89 /* Cells */ = {
			isa = PBXGroup;
			children = (
				054A09312D7C11E30092B7E8 /* NewTagCell.swift */,
				05C37B902D7B35FF005FCF89 /* TagCell.swift */,
			);
			path = Cells;
			sourceTree = "<group>";
		};
		05C5E3962D91893E00E36A3A /* LedgerDetail */ = {
			isa = PBXGroup;
			children = (
				05C5E39B2D91A6D600E36A3A /* Subviews */,
				05C5E3992D91981A00E36A3A /* LedgerDetailManager.swift */,
				05C5E3972D91894A00E36A3A /* LedgerDetailViewController.swift */,
			);
			path = LedgerDetail;
			sourceTree = "<group>";
		};
		05C5E39B2D91A6D600E36A3A /* Subviews */ = {
			isa = PBXGroup;
			children = (
				05C5E39C2D91A6E000E36A3A /* AvatarCollectionViewCell.swift */,
				05AF766A2D944A0800C27407 /* LDIncomeExpenseView.swift */,
			);
			path = Subviews;
			sourceTree = "<group>";
		};
		05C95D162D8AEE190058A8A8 /* Subviews */ = {
			isa = PBXGroup;
			children = (
				05C95D172D8AEE240058A8A8 /* MPCTagCell.swift */,
			);
			path = Subviews;
			sourceTree = "<group>";
		};
		05C95D192D8AF7A60058A8A8 /* Ledger */ = {
			isa = PBXGroup;
			children = (
				05C95D1C2D8B049B0058A8A8 /* Subviews */,
				05C95D1F2D8C5CD60058A8A8 /* LedgerVCManager.swift */,
				05C95D1A2D8AF7BF0058A8A8 /* LedgerViewController.swift */,
			);
			path = Ledger;
			sourceTree = "<group>";
		};
		05C95D1C2D8B049B0058A8A8 /* Subviews */ = {
			isa = PBXGroup;
			children = (
				05C95D1D2D8B04AB0058A8A8 /* LedgerCollectionViewCell.swift */,
			);
			path = Subviews;
			sourceTree = "<group>";
		};
		05EC2B0E2D6A14BA006F1F3A /* Subviews */ = {
			isa = PBXGroup;
			children = (
				05EC2B0F2D6A1583006F1F3A /* ImageQualitySettingViewController.swift */,
			);
			path = Subviews;
			sourceTree = "<group>";
		};
		05EC2B112D6B4F0B006F1F3A /* Utility */ = {
			isa = PBXGroup;
			children = (
				05EC2B122D6B4F17006F1F3A /* DateFormatterManager.swift */,
			);
			path = Utility;
			sourceTree = "<group>";
		};
		05EC2B142D6B54B5006F1F3A /* RecentContent */ = {
			isa = PBXGroup;
			children = (
				051257EB2D8477B20066F3F2 /* Subviews */,
				05EC2B152D6B54E2006F1F3A /* MRecentContentView.swift */,
				051257E92D8326260066F3F2 /* MRecntManager.swift */,
			);
			path = RecentContent;
			sourceTree = "<group>";
		};
		05EC2B172D6B5903006F1F3A /* QuickLog */ = {
			isa = PBXGroup;
			children = (
				05EC2B1A2D6CB30B006F1F3A /* Subviews */,
				052944702D79E44300943CAC /* MQLQuickLogManager.swift */,
				05EC2B182D6B5916006F1F3A /* MQuickLogView.swift */,
			);
			path = QuickLog;
			sourceTree = "<group>";
		};
		05EC2B1A2D6CB30B006F1F3A /* Subviews */ = {
			isa = PBXGroup;
			children = (
				0529446A2D6E019800943CAC /* MQLIncomeExpenditureSelectView.swift */,
				05EC2B1B2D6CB316006F1F3A /* MQLPlusButtonView.swift */,
				0529446E2D6E10B200943CAC /* MQLSendView.swift */,
				0529446C2D6E0AA500943CAC /* MQLTagView.swift */,
			);
			path = Subviews;
			sourceTree = "<group>";
		};
/* End PBXGroup section */

/* Begin PBXNativeTarget section */
		050830F12D41DA0F008C8831 /* NestLedger */ = {
			isa = PBXNativeTarget;
			buildConfigurationList = 050831062D41DA11008C8831 /* Build configuration list for PBXNativeTarget "NestLedger" */;
			buildPhases = (
				050830EE2D41DA0F008C8831 /* Sources */,
				050830EF2D41DA0F008C8831 /* Frameworks */,
				050830F02D41DA0F008C8831 /* Resources */,
			);
			buildRules = (
			);
			dependencies = (
			);
			name = NestLedger;
			packageProductDependencies = (
				0508310A2D41DBEE008C8831 /* FirebaseAnalytics */,
				0508310C2D41DBEE008C8831 /* FirebaseAnalyticsOnDeviceConversion */,
				0508310E2D41DBEE008C8831 /* FirebaseAnalyticsWithoutAdIdSupport */,
				050831102D41DBEE008C8831 /* FirebaseAppCheck */,
				050831122D41DBEE008C8831 /* FirebaseAppDistribution-Beta */,
				050831142D41DBEE008C8831 /* FirebaseAuth */,
				050831162D41DBEE008C8831 /* FirebaseAuthCombine-Community */,
				050831182D41DBEE008C8831 /* FirebaseCore */,
				0508311A2D41DBEE008C8831 /* FirebaseCrashlytics */,
				0508311C2D41DBEE008C8831 /* FirebaseDatabase */,
				0508311E2D41DBEE008C8831 /* FirebaseDynamicLinks */,
				050831202D41DBEE008C8831 /* FirebaseFirestore */,
				050831222D41DBEE008C8831 /* FirebaseFirestoreCombine-Community */,
				050831242D41DBEE008C8831 /* FirebaseFunctions */,
				050831262D41DBEE008C8831 /* FirebaseFunctionsCombine-Community */,
				050831282D41DBEE008C8831 /* FirebaseInAppMessaging-Beta */,
				0508312A2D41DBEE008C8831 /* FirebaseInstallations */,
				0508312C2D41DBEE008C8831 /* FirebaseMLModelDownloader */,
				0508312E2D41DBEE008C8831 /* FirebaseMessaging */,
				050831302D41DBEE008C8831 /* FirebasePerformance */,
				050831322D41DBEE008C8831 /* FirebaseRemoteConfig */,
				050831342D41DBEE008C8831 /* FirebaseStorage */,
				050831362D41DBEE008C8831 /* FirebaseStorageCombine-Community */,
				050831382D41DBEE008C8831 /* FirebaseVertexAI */,
				050831422D41E048008C8831 /* xxooooxxCommonFunction */,
				050831442D41E048008C8831 /* xxooooxxCommonUI */,
			);
			productName = NestLedger;
			productReference = 050830F22D41DA0F008C8831 /* NestLedger.app */;
			productType = "com.apple.product-type.application";
		};
/* End PBXNativeTarget section */

/* Begin PBXProject section */
		050830EA2D41DA0F008C8831 /* Project object */ = {
			isa = PBXProject;
			attributes = {
				BuildIndependentTargetsInParallel = 1;
				LastSwiftUpdateCheck = 1520;
				LastUpgradeCheck = 1520;
				TargetAttributes = {
					050830F12D41DA0F008C8831 = {
						CreatedOnToolsVersion = 15.2;
					};
				};
			};
			buildConfigurationList = 050830ED2D41DA0F008C8831 /* Build configuration list for PBXProject "NestLedger" */;
			compatibilityVersion = "Xcode 14.0";
			developmentRegion = en;
			hasScannedForEncodings = 0;
			knownRegions = (
				en,
				Base,
			);
			mainGroup = 050830E92D41DA0F008C8831;
			packageReferences = (
				050831092D41DBEE008C8831 /* XCRemoteSwiftPackageReference "firebase-ios-sdk" */,
				050831412D41E048008C8831 /* XCLocalSwiftPackageReference "../xxooooxxiOSLibrary" */,
			);
			productRefGroup = 050830F32D41DA0F008C8831 /* Products */;
			projectDirPath = "";
			projectRoot = "";
			targets = (
				050830F12D41DA0F008C8831 /* NestLedger */,
			);
		};
/* End PBXProject section */

/* Begin PBXResourcesBuildPhase section */
		050830F02D41DA0F008C8831 /* Resources */ = {
			isa = PBXResourcesBuildPhase;
			buildActionMask = 2147483647;
			files = (
				050830FF2D41DA11008C8831 /* Assets.xcassets in Resources */,
				0557045D2D5792830032C47C /* GoogleService-Info.plist in Resources */,
			);
			runOnlyForDeploymentPostprocessing = 0;
		};
/* End PBXResourcesBuildPhase section */

/* Begin PBXSourcesBuildPhase section */
		050830EE2D41DA0F008C8831 /* Sources */ = {
			isa = PBXSourcesBuildPhase;
			buildActionMask = 2147483647;
			files = (
				05B340AF2D66218B000378A2 /* APIManager+Information.swift in Sources */,
				051257D72D7F129E0066F3F2 /* APIManager+Ledger.swift in Sources */,
				05B340B42D68B705000378A2 /* APIManager+Photo.swift in Sources */,
				051257E02D7F1D070066F3F2 /* APIManager+Tag.swift in Sources */,
				051257E82D81CF770066F3F2 /* APIManager+Transaction.swift in Sources */,
				05B340AB2D661FB6000378A2 /* APIManager+UserInfo.swift in Sources */,
				0503F2A22D52499200B2640C /* APIManager.swift in Sources */,
				05B340A92D66123E000378A2 /* APIPath.swift in Sources */,
				05B340AD2D66201E000378A2 /* APIResponseData.swift in Sources */,
				0557045B2D578ECA0032C47C /* AccountVC+SettingTableView.swift in Sources */,
				055704532D5781D30032C47C /* AccountVCManager.swift in Sources */,
				0503F2A82D524D9300B2640C /* AccountViewController.swift in Sources */,
				050830F62D41DA0F008C8831 /* AppDelegate.swift in Sources */,
				05C5E39D2D91A6E000E36A3A /* AvatarCollectionViewCell.swift in Sources */,
				05B340B22D66222F000378A2 /* BasicInformationData.swift in Sources */,
				055704592D57839C0032C47C /* DataConstain.swift in Sources */,
				05EC2B132D6B4F17006F1F3A /* DateFormatterManager.swift in Sources */,
				0503F2AE2D5251D600B2640C /* FirebaseAuthManager.swift in Sources */,
				05EC2B102D6A1583006F1F3A /* ImageQualitySettingViewController.swift in Sources */,
				0503F29D2D52448700B2640C /* KeychainKey.swift in Sources */,
				0503F29A2D52420000B2640C /* KeychainManager.swift in Sources */,
				05AF766B2D944A0800C27407 /* LDIncomeExpenseView.swift in Sources */,
				05C95D1E2D8B04AB0058A8A8 /* LedgerCollectionViewCell.swift in Sources */,
				051257DA2D7F16630066F3F2 /* LedgerData.swift in Sources */,
				05C5E39A2D91981A00E36A3A /* LedgerDetailManager.swift in Sources */,
				05C5E3982D91894A00E36A3A /* LedgerDetailViewController.swift in Sources */,
				05C95D202D8C5CD60058A8A8 /* LedgerVCManager.swift in Sources */,
				05C95D1B2D8AF7BF0058A8A8 /* LedgerViewController.swift in Sources */,
				050831472D41E32C008C8831 /* LoginVCManager.swift in Sources */,
				050831402D41E029008C8831 /* LoginViewController.swift in Sources */,
				051B49212D8859FD00834D72 /* MCDateCell.swift in Sources */,
				051B491F2D8859D400834D72 /* MCTitleCell.swift in Sources */,
				051B49232D885B3500834D72 /* MCalendarManager.swift in Sources */,
				051B491C2D870ACC00834D72 /* MCalendarView.swift in Sources */,
				05C95D182D8AEE240058A8A8 /* MPCTagCell.swift in Sources */,
				051B49282D89A06F00834D72 /* MPieChartManager.swift in Sources */,
				051B49262D8997EF00834D72 /* MPieChartView.swift in Sources */,
				0529446B2D6E019800943CAC /* MQLIncomeExpenditureSelectView.swift in Sources */,
				05EC2B1C2D6CB316006F1F3A /* MQLPlusButtonView.swift in Sources */,
				052944712D79E44300943CAC /* MQLQuickLogManager.swift in Sources */,
				0529446F2D6E10B200943CAC /* MQLSendView.swift in Sources */,
				0529446D2D6E0AA500943CAC /* MQLTagView.swift in Sources */,
				05EC2B192D6B5916006F1F3A /* MQuickLogView.swift in Sources */,
				051257ED2D8477C60066F3F2 /* MRCCell.swift in Sources */,
				05EC2B162D6B54E2006F1F3A /* MRecentContentView.swift in Sources */,
				051257EA2D8326260066F3F2 /* MRecntManager.swift in Sources */,
				0503F2AB2D524E0800B2640C /* MainViewController.swift in Sources */,
				054A09322D7C11E30092B7E8 /* NewTagCell.swift in Sources */,
				051B49192D87077800834D72 /* NotificationName+Extension.swift in Sources */,
				0503F2A52D524D2200B2640C /* RootViewController.swift in Sources */,
				050830F82D41DA0F008C8831 /* SceneDelegate.swift in Sources */,
				051257DE2D7F1AC80066F3F2 /* SingletonData.swift in Sources */,
				054A09342D7C1DDB0092B7E8 /* TVC+TabelViewSetting.swift in Sources */,
				05C37B912D7B35FF005FCF89 /* TagCell.swift in Sources */,
				051257E32D7F1DC10066F3F2 /* TagData.swift in Sources */,
				054A09362D7C20160092B7E8 /* TagManager.swift in Sources */,
				052944752D79E9D700943CAC /* TagViewController.swift in Sources */,
				051257E62D81BE980066F3F2 /* TransactionData.swift in Sources */,
				0503F2B12D54E1D200B2640C /* UIView+Extension.swift in Sources */,
				055704572D5782A90032C47C /* UserInfoData.swift in Sources */,
				050830FA2D41DA0F008C8831 /* ViewController.swift in Sources */,
			);
			runOnlyForDeploymentPostprocessing = 0;
		};
/* End PBXSourcesBuildPhase section */

/* Begin XCBuildConfiguration section */
		050831042D41DA11008C8831 /* Debug */ = {
			isa = XCBuildConfiguration;
			buildSettings = {
				ALWAYS_SEARCH_USER_PATHS = NO;
				ASSETCATALOG_COMPILER_GENERATE_SWIFT_ASSET_SYMBOL_EXTENSIONS = YES;
				CLANG_ANALYZER_NONNULL = YES;
				CLANG_ANALYZER_NUMBER_OBJECT_CONVERSION = YES_AGGRESSIVE;
				CLANG_CXX_LANGUAGE_STANDARD = "gnu++20";
				CLANG_ENABLE_MODULES = YES;
				CLANG_ENABLE_OBJC_ARC = YES;
				CLANG_ENABLE_OBJC_WEAK = YES;
				CLANG_WARN_BLOCK_CAPTURE_AUTORELEASING = YES;
				CLANG_WARN_BOOL_CONVERSION = YES;
				CLANG_WARN_COMMA = YES;
				CLANG_WARN_CONSTANT_CONVERSION = YES;
				CLANG_WARN_DEPRECATED_OBJC_IMPLEMENTATIONS = YES;
				CLANG_WARN_DIRECT_OBJC_ISA_USAGE = YES_ERROR;
				CLANG_WARN_DOCUMENTATION_COMMENTS = YES;
				CLANG_WARN_EMPTY_BODY = YES;
				CLANG_WARN_ENUM_CONVERSION = YES;
				CLANG_WARN_INFINITE_RECURSION = YES;
				CLANG_WARN_INT_CONVERSION = YES;
				CLANG_WARN_NON_LITERAL_NULL_CONVERSION = YES;
				CLANG_WARN_OBJC_IMPLICIT_RETAIN_SELF = YES;
				CLANG_WARN_OBJC_LITERAL_CONVERSION = YES;
				CLANG_WARN_OBJC_ROOT_CLASS = YES_ERROR;
				CLANG_WARN_QUOTED_INCLUDE_IN_FRAMEWORK_HEADER = YES;
				CLANG_WARN_RANGE_LOOP_ANALYSIS = YES;
				CLANG_WARN_STRICT_PROTOTYPES = YES;
				CLANG_WARN_SUSPICIOUS_MOVE = YES;
				CLANG_WARN_UNGUARDED_AVAILABILITY = YES_AGGRESSIVE;
				CLANG_WARN_UNREACHABLE_CODE = YES;
				CLANG_WARN__DUPLICATE_METHOD_MATCH = YES;
				COPY_PHASE_STRIP = NO;
				DEBUG_INFORMATION_FORMAT = dwarf;
				ENABLE_STRICT_OBJC_MSGSEND = YES;
				ENABLE_TESTABILITY = YES;
				ENABLE_USER_SCRIPT_SANDBOXING = YES;
				GCC_C_LANGUAGE_STANDARD = gnu17;
				GCC_DYNAMIC_NO_PIC = NO;
				GCC_NO_COMMON_BLOCKS = YES;
				GCC_OPTIMIZATION_LEVEL = 0;
				GCC_PREPROCESSOR_DEFINITIONS = (
					"DEBUG=1",
					"$(inherited)",
				);
				GCC_WARN_64_TO_32_BIT_CONVERSION = YES;
				GCC_WARN_ABOUT_RETURN_TYPE = YES_ERROR;
				GCC_WARN_UNDECLARED_SELECTOR = YES;
				GCC_WARN_UNINITIALIZED_AUTOS = YES_AGGRESSIVE;
				GCC_WARN_UNUSED_FUNCTION = YES;
				GCC_WARN_UNUSED_VARIABLE = YES;
				IPHONEOS_DEPLOYMENT_TARGET = 17.2;
				LOCALIZATION_PREFERS_STRING_CATALOGS = YES;
				MTL_ENABLE_DEBUG_INFO = INCLUDE_SOURCE;
				MTL_FAST_MATH = YES;
				ONLY_ACTIVE_ARCH = YES;
				SDKROOT = iphoneos;
				SWIFT_ACTIVE_COMPILATION_CONDITIONS = "DEBUG $(inherited)";
				SWIFT_OPTIMIZATION_LEVEL = "-Onone";
			};
			name = Debug;
		};
		050831052D41DA11008C8831 /* Release */ = {
			isa = XCBuildConfiguration;
			buildSettings = {
				ALWAYS_SEARCH_USER_PATHS = NO;
				ASSETCATALOG_COMPILER_GENERATE_SWIFT_ASSET_SYMBOL_EXTENSIONS = YES;
				CLANG_ANALYZER_NONNULL = YES;
				CLANG_ANALYZER_NUMBER_OBJECT_CONVERSION = YES_AGGRESSIVE;
				CLANG_CXX_LANGUAGE_STANDARD = "gnu++20";
				CLANG_ENABLE_MODULES = YES;
				CLANG_ENABLE_OBJC_ARC = YES;
				CLANG_ENABLE_OBJC_WEAK = YES;
				CLANG_WARN_BLOCK_CAPTURE_AUTORELEASING = YES;
				CLANG_WARN_BOOL_CONVERSION = YES;
				CLANG_WARN_COMMA = YES;
				CLANG_WARN_CONSTANT_CONVERSION = YES;
				CLANG_WARN_DEPRECATED_OBJC_IMPLEMENTATIONS = YES;
				CLANG_WARN_DIRECT_OBJC_ISA_USAGE = YES_ERROR;
				CLANG_WARN_DOCUMENTATION_COMMENTS = YES;
				CLANG_WARN_EMPTY_BODY = YES;
				CLANG_WARN_ENUM_CONVERSION = YES;
				CLANG_WARN_INFINITE_RECURSION = YES;
				CLANG_WARN_INT_CONVERSION = YES;
				CLANG_WARN_NON_LITERAL_NULL_CONVERSION = YES;
				CLANG_WARN_OBJC_IMPLICIT_RETAIN_SELF = YES;
				CLANG_WARN_OBJC_LITERAL_CONVERSION = YES;
				CLANG_WARN_OBJC_ROOT_CLASS = YES_ERROR;
				CLANG_WARN_QUOTED_INCLUDE_IN_FRAMEWORK_HEADER = YES;
				CLANG_WARN_RANGE_LOOP_ANALYSIS = YES;
				CLANG_WARN_STRICT_PROTOTYPES = YES;
				CLANG_WARN_SUSPICIOUS_MOVE = YES;
				CLANG_WARN_UNGUARDED_AVAILABILITY = YES_AGGRESSIVE;
				CLANG_WARN_UNREACHABLE_CODE = YES;
				CLANG_WARN__DUPLICATE_METHOD_MATCH = YES;
				COPY_PHASE_STRIP = NO;
				DEBUG_INFORMATION_FORMAT = "dwarf-with-dsym";
				ENABLE_NS_ASSERTIONS = NO;
				ENABLE_STRICT_OBJC_MSGSEND = YES;
				ENABLE_USER_SCRIPT_SANDBOXING = YES;
				GCC_C_LANGUAGE_STANDARD = gnu17;
				GCC_NO_COMMON_BLOCKS = YES;
				GCC_WARN_64_TO_32_BIT_CONVERSION = YES;
				GCC_WARN_ABOUT_RETURN_TYPE = YES_ERROR;
				GCC_WARN_UNDECLARED_SELECTOR = YES;
				GCC_WARN_UNINITIALIZED_AUTOS = YES_AGGRESSIVE;
				GCC_WARN_UNUSED_FUNCTION = YES;
				GCC_WARN_UNUSED_VARIABLE = YES;
				IPHONEOS_DEPLOYMENT_TARGET = 17.2;
				LOCALIZATION_PREFERS_STRING_CATALOGS = YES;
				MTL_ENABLE_DEBUG_INFO = NO;
				MTL_FAST_MATH = YES;
				SDKROOT = iphoneos;
				SWIFT_COMPILATION_MODE = wholemodule;
				VALIDATE_PRODUCT = YES;
			};
			name = Release;
		};
		050831072D41DA11008C8831 /* Debug */ = {
			isa = XCBuildConfiguration;
			buildSettings = {
				ASSETCATALOG_COMPILER_APPICON_NAME = AppIcon;
				ASSETCATALOG_COMPILER_GLOBAL_ACCENT_COLOR_NAME = AccentColor;
				CODE_SIGN_ENTITLEMENTS = NestLedger/NestLedger.entitlements;
				CODE_SIGN_STYLE = Automatic;
				CURRENT_PROJECT_VERSION = 1;
				DEVELOPMENT_TEAM = L4D6WNQFVL;
				GENERATE_INFOPLIST_FILE = YES;
				INFOPLIST_FILE = NestLedger/Info.plist;
				INFOPLIST_KEY_UIApplicationSupportsIndirectInputEvents = YES;
				INFOPLIST_KEY_UILaunchStoryboardName = LaunchScreen;
				INFOPLIST_KEY_UIMainStoryboardFile = "";
				INFOPLIST_KEY_UISupportedInterfaceOrientations = UIInterfaceOrientationPortrait;
				INFOPLIST_KEY_UISupportedInterfaceOrientations_iPad = "UIInterfaceOrientationLandscapeLeft UIInterfaceOrientationLandscapeRight UIInterfaceOrientationPortrait UIInterfaceOrientationPortraitUpsideDown";
				IPHONEOS_DEPLOYMENT_TARGET = 16.0;
				LD_RUNPATH_SEARCH_PATHS = (
					"$(inherited)",
					"@executable_path/Frameworks",
				);
				MARKETING_VERSION = 1.0;
				PRODUCT_BUNDLE_IDENTIFIER = com.hungyen.NestLedger;
				PRODUCT_NAME = "$(TARGET_NAME)";
				SUPPORTED_PLATFORMS = "iphoneos iphonesimulator";
				SUPPORTS_MACCATALYST = NO;
				SUPPORTS_MAC_DESIGNED_FOR_IPHONE_IPAD = NO;
				SUPPORTS_XR_DESIGNED_FOR_IPHONE_IPAD = NO;
				SWIFT_EMIT_LOC_STRINGS = YES;
				SWIFT_VERSION = 5.0;
				TARGETED_DEVICE_FAMILY = 1;
			};
			name = Debug;
		};
		050831082D41DA11008C8831 /* Release */ = {
			isa = XCBuildConfiguration;
			buildSettings = {
				ASSETCATALOG_COMPILER_APPICON_NAME = AppIcon;
				ASSETCATALOG_COMPILER_GLOBAL_ACCENT_COLOR_NAME = AccentColor;
				CODE_SIGN_ENTITLEMENTS = NestLedger/NestLedger.entitlements;
				CODE_SIGN_STYLE = Automatic;
				CURRENT_PROJECT_VERSION = 1;
				DEVELOPMENT_TEAM = L4D6WNQFVL;
				GENERATE_INFOPLIST_FILE = YES;
				INFOPLIST_FILE = NestLedger/Info.plist;
				INFOPLIST_KEY_UIApplicationSupportsIndirectInputEvents = YES;
				INFOPLIST_KEY_UILaunchStoryboardName = LaunchScreen;
				INFOPLIST_KEY_UIMainStoryboardFile = "";
				INFOPLIST_KEY_UISupportedInterfaceOrientations = UIInterfaceOrientationPortrait;
				INFOPLIST_KEY_UISupportedInterfaceOrientations_iPad = "UIInterfaceOrientationLandscapeLeft UIInterfaceOrientationLandscapeRight UIInterfaceOrientationPortrait UIInterfaceOrientationPortraitUpsideDown";
				IPHONEOS_DEPLOYMENT_TARGET = 16.0;
				LD_RUNPATH_SEARCH_PATHS = (
					"$(inherited)",
					"@executable_path/Frameworks",
				);
				MARKETING_VERSION = 1.0;
				PRODUCT_BUNDLE_IDENTIFIER = com.hungyen.NestLedger;
				PRODUCT_NAME = "$(TARGET_NAME)";
				SUPPORTED_PLATFORMS = "iphoneos iphonesimulator";
				SUPPORTS_MACCATALYST = NO;
				SUPPORTS_MAC_DESIGNED_FOR_IPHONE_IPAD = NO;
				SUPPORTS_XR_DESIGNED_FOR_IPHONE_IPAD = NO;
				SWIFT_EMIT_LOC_STRINGS = YES;
				SWIFT_VERSION = 5.0;
				TARGETED_DEVICE_FAMILY = 1;
			};
			name = Release;
		};
/* End XCBuildConfiguration section */

/* Begin XCConfigurationList section */
		050830ED2D41DA0F008C8831 /* Build configuration list for PBXProject "NestLedger" */ = {
			isa = XCConfigurationList;
			buildConfigurations = (
				050831042D41DA11008C8831 /* Debug */,
				050831052D41DA11008C8831 /* Release */,
			);
			defaultConfigurationIsVisible = 0;
			defaultConfigurationName = Release;
		};
		050831062D41DA11008C8831 /* Build configuration list for PBXNativeTarget "NestLedger" */ = {
			isa = XCConfigurationList;
			buildConfigurations = (
				050831072D41DA11008C8831 /* Debug */,
				050831082D41DA11008C8831 /* Release */,
			);
			defaultConfigurationIsVisible = 0;
			defaultConfigurationName = Release;
		};
/* End XCConfigurationList section */

/* Begin XCLocalSwiftPackageReference section */
		050831412D41E048008C8831 /* XCLocalSwiftPackageReference "../xxooooxxiOSLibrary" */ = {
			isa = XCLocalSwiftPackageReference;
			relativePath = ../xxooooxxiOSLibrary;
		};
/* End XCLocalSwiftPackageReference section */

/* Begin XCRemoteSwiftPackageReference section */
		050831092D41DBEE008C8831 /* XCRemoteSwiftPackageReference "firebase-ios-sdk" */ = {
			isa = XCRemoteSwiftPackageReference;
			repositoryURL = "https://github.com/firebase/firebase-ios-sdk";
			requirement = {
				kind = upToNextMajorVersion;
				minimumVersion = 11.7.0;
			};
		};
/* End XCRemoteSwiftPackageReference section */

/* Begin XCSwiftPackageProductDependency section */
		0508310A2D41DBEE008C8831 /* FirebaseAnalytics */ = {
			isa = XCSwiftPackageProductDependency;
			package = 050831092D41DBEE008C8831 /* XCRemoteSwiftPackageReference "firebase-ios-sdk" */;
			productName = FirebaseAnalytics;
		};
		0508310C2D41DBEE008C8831 /* FirebaseAnalyticsOnDeviceConversion */ = {
			isa = XCSwiftPackageProductDependency;
			package = 050831092D41DBEE008C8831 /* XCRemoteSwiftPackageReference "firebase-ios-sdk" */;
			productName = FirebaseAnalyticsOnDeviceConversion;
		};
		0508310E2D41DBEE008C8831 /* FirebaseAnalyticsWithoutAdIdSupport */ = {
			isa = XCSwiftPackageProductDependency;
			package = 050831092D41DBEE008C8831 /* XCRemoteSwiftPackageReference "firebase-ios-sdk" */;
			productName = FirebaseAnalyticsWithoutAdIdSupport;
		};
		050831102D41DBEE008C8831 /* FirebaseAppCheck */ = {
			isa = XCSwiftPackageProductDependency;
			package = 050831092D41DBEE008C8831 /* XCRemoteSwiftPackageReference "firebase-ios-sdk" */;
			productName = FirebaseAppCheck;
		};
		050831122D41DBEE008C8831 /* FirebaseAppDistribution-Beta */ = {
			isa = XCSwiftPackageProductDependency;
			package = 050831092D41DBEE008C8831 /* XCRemoteSwiftPackageReference "firebase-ios-sdk" */;
			productName = "FirebaseAppDistribution-Beta";
		};
		050831142D41DBEE008C8831 /* FirebaseAuth */ = {
			isa = XCSwiftPackageProductDependency;
			package = 050831092D41DBEE008C8831 /* XCRemoteSwiftPackageReference "firebase-ios-sdk" */;
			productName = FirebaseAuth;
		};
		050831162D41DBEE008C8831 /* FirebaseAuthCombine-Community */ = {
			isa = XCSwiftPackageProductDependency;
			package = 050831092D41DBEE008C8831 /* XCRemoteSwiftPackageReference "firebase-ios-sdk" */;
			productName = "FirebaseAuthCombine-Community";
		};
		050831182D41DBEE008C8831 /* FirebaseCore */ = {
			isa = XCSwiftPackageProductDependency;
			package = 050831092D41DBEE008C8831 /* XCRemoteSwiftPackageReference "firebase-ios-sdk" */;
			productName = FirebaseCore;
		};
		0508311A2D41DBEE008C8831 /* FirebaseCrashlytics */ = {
			isa = XCSwiftPackageProductDependency;
			package = 050831092D41DBEE008C8831 /* XCRemoteSwiftPackageReference "firebase-ios-sdk" */;
			productName = FirebaseCrashlytics;
		};
		0508311C2D41DBEE008C8831 /* FirebaseDatabase */ = {
			isa = XCSwiftPackageProductDependency;
			package = 050831092D41DBEE008C8831 /* XCRemoteSwiftPackageReference "firebase-ios-sdk" */;
			productName = FirebaseDatabase;
		};
		0508311E2D41DBEE008C8831 /* FirebaseDynamicLinks */ = {
			isa = XCSwiftPackageProductDependency;
			package = 050831092D41DBEE008C8831 /* XCRemoteSwiftPackageReference "firebase-ios-sdk" */;
			productName = FirebaseDynamicLinks;
		};
		050831202D41DBEE008C8831 /* FirebaseFirestore */ = {
			isa = XCSwiftPackageProductDependency;
			package = 050831092D41DBEE008C8831 /* XCRemoteSwiftPackageReference "firebase-ios-sdk" */;
			productName = FirebaseFirestore;
		};
		050831222D41DBEE008C8831 /* FirebaseFirestoreCombine-Community */ = {
			isa = XCSwiftPackageProductDependency;
			package = 050831092D41DBEE008C8831 /* XCRemoteSwiftPackageReference "firebase-ios-sdk" */;
			productName = "FirebaseFirestoreCombine-Community";
		};
		050831242D41DBEE008C8831 /* FirebaseFunctions */ = {
			isa = XCSwiftPackageProductDependency;
			package = 050831092D41DBEE008C8831 /* XCRemoteSwiftPackageReference "firebase-ios-sdk" */;
			productName = FirebaseFunctions;
		};
		050831262D41DBEE008C8831 /* FirebaseFunctionsCombine-Community */ = {
			isa = XCSwiftPackageProductDependency;
			package = 050831092D41DBEE008C8831 /* XCRemoteSwiftPackageReference "firebase-ios-sdk" */;
			productName = "FirebaseFunctionsCombine-Community";
		};
		050831282D41DBEE008C8831 /* FirebaseInAppMessaging-Beta */ = {
			isa = XCSwiftPackageProductDependency;
			package = 050831092D41DBEE008C8831 /* XCRemoteSwiftPackageReference "firebase-ios-sdk" */;
			productName = "FirebaseInAppMessaging-Beta";
		};
		0508312A2D41DBEE008C8831 /* FirebaseInstallations */ = {
			isa = XCSwiftPackageProductDependency;
			package = 050831092D41DBEE008C8831 /* XCRemoteSwiftPackageReference "firebase-ios-sdk" */;
			productName = FirebaseInstallations;
		};
		0508312C2D41DBEE008C8831 /* FirebaseMLModelDownloader */ = {
			isa = XCSwiftPackageProductDependency;
			package = 050831092D41DBEE008C8831 /* XCRemoteSwiftPackageReference "firebase-ios-sdk" */;
			productName = FirebaseMLModelDownloader;
		};
		0508312E2D41DBEE008C8831 /* FirebaseMessaging */ = {
			isa = XCSwiftPackageProductDependency;
			package = 050831092D41DBEE008C8831 /* XCRemoteSwiftPackageReference "firebase-ios-sdk" */;
			productName = FirebaseMessaging;
		};
		050831302D41DBEE008C8831 /* FirebasePerformance */ = {
			isa = XCSwiftPackageProductDependency;
			package = 050831092D41DBEE008C8831 /* XCRemoteSwiftPackageReference "firebase-ios-sdk" */;
			productName = FirebasePerformance;
		};
		050831322D41DBEE008C8831 /* FirebaseRemoteConfig */ = {
			isa = XCSwiftPackageProductDependency;
			package = 050831092D41DBEE008C8831 /* XCRemoteSwiftPackageReference "firebase-ios-sdk" */;
			productName = FirebaseRemoteConfig;
		};
		050831342D41DBEE008C8831 /* FirebaseStorage */ = {
			isa = XCSwiftPackageProductDependency;
			package = 050831092D41DBEE008C8831 /* XCRemoteSwiftPackageReference "firebase-ios-sdk" */;
			productName = FirebaseStorage;
		};
		050831362D41DBEE008C8831 /* FirebaseStorageCombine-Community */ = {
			isa = XCSwiftPackageProductDependency;
			package = 050831092D41DBEE008C8831 /* XCRemoteSwiftPackageReference "firebase-ios-sdk" */;
			productName = "FirebaseStorageCombine-Community";
		};
		050831382D41DBEE008C8831 /* FirebaseVertexAI */ = {
			isa = XCSwiftPackageProductDependency;
			package = 050831092D41DBEE008C8831 /* XCRemoteSwiftPackageReference "firebase-ios-sdk" */;
			productName = FirebaseVertexAI;
		};
		050831422D41E048008C8831 /* xxooooxxCommonFunction */ = {
			isa = XCSwiftPackageProductDependency;
			productName = xxooooxxCommonFunction;
		};
		050831442D41E048008C8831 /* xxooooxxCommonUI */ = {
			isa = XCSwiftPackageProductDependency;
			productName = xxooooxxCommonUI;
		};
/* End XCSwiftPackageProductDependency section */
	};
	rootObject = 050830EA2D41DA0F008C8831 /* Project object */;
}
